{
  "name": "foldertree",
  "version": "1.0.0",
  "lockfileVersion": 1,
  "dependencies": {
    "dir-to-json": {
      "version": "0.0.3",
      "resolved": "https://registry.npmjs.org/dir-to-json/-/dir-to-json-0.0.3.tgz",
      "integrity": "sha1-VKjoGlcOsSn+TD2A9wEvTTV/5zE="
    },
    "q": {
      "version": "1.5.0",
      "resolved": "https://registry.npmjs.org/q/-/q-1.5.0.tgz",
      "integrity": "sha1-3QG6ydBtMObyGa7LglPunr3DCPE="
    }
  }
}
